
Microsoft Visual Studio Solution File, Format Version 12.00
# Visual Studio Version 16
VisualStudioVersion = 16.0.30523.141
MinimumVisualStudioVersion = 10.0.40219.1
Project("{FAE04EC0-301F-11D3-BF4B-00C04F79EFBC}") = "WeeklyAssisment_04_12", "WeeklyAssisment_04_12.csproj", "{978A391E-26C9-454A-9CBA-BBC909AD7425}"
EndProject
Global
	GlobalSection(SolutionConfigurationPlatforms) = preSolution
		Debug|Any CPU = Debug|Any CPU
		Release|Any CPU = Release|Any CPU
	EndGlobalSection
	GlobalSection(ProjectConfigurationPlatforms) = postSolution
		{978A391E-26C9-454A-9CBA-BBC909AD7425}.Debug|Any CPU.ActiveCfg = Debug|Any CPU
		{978A391E-26C9-454A-9CBA-BBC909AD7425}.Debug|Any CPU.Build.0 = Debug|Any CPU
		{978A391E-26C9-454A-9CBA-BBC909AD7425}.Release|Any CPU.ActiveCfg = Release|Any CPU
		{978A391E-26C9-454A-9CBA-BBC909AD7425}.Release|Any CPU.Build.0 = Release|Any CPU
	EndGlobalSection
	GlobalSection(SolutionProperties) = preSolution
		HideSolutionNode = FALSE
	EndGlobalSection
	GlobalSection(ExtensibilityGlobals) = postSolution
		SolutionGuid = {5D412283-F484-4BB6-9259-4F56A5150D48}
	EndGlobalSection
EndGlobal
